
Microsoft Visual Studio Solution File, Format Version 12.00
# Visual Studio Version 17
VisualStudioVersion = 17.4.33110.190
MinimumVisualStudioVersion = 10.0.40219.1
Project("{FAE04EC0-301F-11D3-BF4B-00C04F79EFBC}") = "design.patterns.Observer", "design.patterns.Observer\design.patterns.Observer.csproj", "{252B9F0E-F4E5-41CE-81D2-A51DEACB92E3}"
EndProject
Global
	GlobalSection(SolutionConfigurationPlatforms) = preSolution
		Debug|Any CPU = Debug|Any CPU
		Release|Any CPU = Release|Any CPU
	EndGlobalSection
	GlobalSection(ProjectConfigurationPlatforms) = postSolution
		{252B9F0E-F4E5-41CE-81D2-A51DEACB92E3}.Debug|Any CPU.ActiveCfg = Debug|Any CPU
		{252B9F0E-F4E5-41CE-81D2-A51DEACB92E3}.Debug|Any CPU.Build.0 = Debug|Any CPU
		{252B9F0E-F4E5-41CE-81D2-A51DEACB92E3}.Release|Any CPU.ActiveCfg = Release|Any CPU
		{252B9F0E-F4E5-41CE-81D2-A51DEACB92E3}.Release|Any CPU.Build.0 = Release|Any CPU
	EndGlobalSection
	GlobalSection(SolutionProperties) = preSolution
		HideSolutionNode = FALSE
	EndGlobalSection
	GlobalSection(ExtensibilityGlobals) = postSolution
		SolutionGuid = {CC236CFA-7029-4096-9960-15A5C4AE7360}
	EndGlobalSection
EndGlobal
